
Microsoft Visual Studio Solution File, Format Version 12.00
# Visual Studio Version 17
VisualStudioVersion = 17.0.31903.59
MinimumVisualStudioVersion = 10.0.40219.1
Project("{FAE04EC0-301F-11D3-BF4B-00C04F79EFBC}") = "Sharp8.Core", "src\Sharp8.Core\Sharp8.Core.csproj", "{E0977AF0-14D9-4E4E-AECB-4D6572E53568}"
EndProject
Project("{2150E333-8FDC-42A3-9474-1A3956D46DE8}") = "tests", "tests", "{6B5CCE67-A543-467A-8A0D-63DB9CA9CC40}"
EndProject
Project("{FAE04EC0-301F-11D3-BF4B-00C04F79EFBC}") = "Sharp8.Core.UnitTests", "tests\Sharp8.Core.UnitTests\Sharp8.Core.UnitTests.csproj", "{F877DE94-7FD5-41C7-9125-438095AEE2D3}"
EndProject
Project("{2150E333-8FDC-42A3-9474-1A3956D46DE8}") = "src", "src", "{1CEBF970-8BAE-4825-A671-82B8944BEB11}"
EndProject
Project("{FAE04EC0-301F-11D3-BF4B-00C04F79EFBC}") = "Sharp8.UI", "src\Sharp8.UI\Sharp8.UI.csproj", "{5131795B-36BC-4B7E-9285-325D0DA6FB51}"
EndProject
Project("{FAE04EC0-301F-11D3-BF4B-00C04F79EFBC}") = "Sharp8.Core.IntegrationTests", "tests\Sharp8.Core.IntegrationTests\Sharp8.Core.IntegrationTests.csproj", "{6D1DD4AA-B42B-436E-BB23-42BFDBDE1A40}"
EndProject
Project("{FAE04EC0-301F-11D3-BF4B-00C04F79EFBC}") = "TestUtils", "tests\TestUtils\TestUtils.csproj", "{A1BA0276-F499-4E9B-96F0-ED45834984D5}"
EndProject
Global
	GlobalSection(SolutionConfigurationPlatforms) = preSolution
		Debug|Any CPU = Debug|Any CPU
		Release|Any CPU = Release|Any CPU
	EndGlobalSection
	GlobalSection(SolutionProperties) = preSolution
		HideSolutionNode = FALSE
	EndGlobalSection
	GlobalSection(ProjectConfigurationPlatforms) = postSolution
		{E0977AF0-14D9-4E4E-AECB-4D6572E53568}.Debug|Any CPU.ActiveCfg = Debug|Any CPU
		{E0977AF0-14D9-4E4E-AECB-4D6572E53568}.Debug|Any CPU.Build.0 = Debug|Any CPU
		{E0977AF0-14D9-4E4E-AECB-4D6572E53568}.Release|Any CPU.ActiveCfg = Release|Any CPU
		{E0977AF0-14D9-4E4E-AECB-4D6572E53568}.Release|Any CPU.Build.0 = Release|Any CPU
		{F877DE94-7FD5-41C7-9125-438095AEE2D3}.Debug|Any CPU.ActiveCfg = Debug|Any CPU
		{F877DE94-7FD5-41C7-9125-438095AEE2D3}.Debug|Any CPU.Build.0 = Debug|Any CPU
		{F877DE94-7FD5-41C7-9125-438095AEE2D3}.Release|Any CPU.ActiveCfg = Release|Any CPU
		{F877DE94-7FD5-41C7-9125-438095AEE2D3}.Release|Any CPU.Build.0 = Release|Any CPU
		{5131795B-36BC-4B7E-9285-325D0DA6FB51}.Debug|Any CPU.ActiveCfg = Debug|Any CPU
		{5131795B-36BC-4B7E-9285-325D0DA6FB51}.Debug|Any CPU.Build.0 = Debug|Any CPU
		{5131795B-36BC-4B7E-9285-325D0DA6FB51}.Release|Any CPU.ActiveCfg = Release|Any CPU
		{5131795B-36BC-4B7E-9285-325D0DA6FB51}.Release|Any CPU.Build.0 = Release|Any CPU
		{6D1DD4AA-B42B-436E-BB23-42BFDBDE1A40}.Debug|Any CPU.ActiveCfg = Debug|Any CPU
		{6D1DD4AA-B42B-436E-BB23-42BFDBDE1A40}.Debug|Any CPU.Build.0 = Debug|Any CPU
		{6D1DD4AA-B42B-436E-BB23-42BFDBDE1A40}.Release|Any CPU.ActiveCfg = Release|Any CPU
		{6D1DD4AA-B42B-436E-BB23-42BFDBDE1A40}.Release|Any CPU.Build.0 = Release|Any CPU
		{A1BA0276-F499-4E9B-96F0-ED45834984D5}.Debug|Any CPU.ActiveCfg = Debug|Any CPU
		{A1BA0276-F499-4E9B-96F0-ED45834984D5}.Debug|Any CPU.Build.0 = Debug|Any CPU
		{A1BA0276-F499-4E9B-96F0-ED45834984D5}.Release|Any CPU.ActiveCfg = Release|Any CPU
		{A1BA0276-F499-4E9B-96F0-ED45834984D5}.Release|Any CPU.Build.0 = Release|Any CPU
	EndGlobalSection
	GlobalSection(NestedProjects) = preSolution
		{F877DE94-7FD5-41C7-9125-438095AEE2D3} = {6B5CCE67-A543-467A-8A0D-63DB9CA9CC40}
		{5131795B-36BC-4B7E-9285-325D0DA6FB51} = {1CEBF970-8BAE-4825-A671-82B8944BEB11}
		{6D1DD4AA-B42B-436E-BB23-42BFDBDE1A40} = {6B5CCE67-A543-467A-8A0D-63DB9CA9CC40}
		{A1BA0276-F499-4E9B-96F0-ED45834984D5} = {6B5CCE67-A543-467A-8A0D-63DB9CA9CC40}
	EndGlobalSection
EndGlobal
